// !$*UTF8*$!
{
	archiveVersion = 1;
	classes = {
	};
	objectVersion = 46;
	objects = {

/* Begin PBXBuildFile section */
		1807056C1F580D51003DB75D /* NSString+Basic.m in Sources */ = {isa = PBXBuildFile; fileRef = 180705471F580D51003DB75D /* NSString+Basic.m */; };
		1807056D1F580D51003DB75D /* UICollectionView+Basic.m in Sources */ = {isa = PBXBuildFile; fileRef = 1807054B1F580D51003DB75D /* UICollectionView+Basic.m */; };
		1807056E1F580D51003DB75D /* UIColor+Basic.m in Sources */ = {isa = PBXBuildFile; fileRef = 1807054E1F580D51003DB75D /* UIColor+Basic.m */; };
		1807056F1F580D51003DB75D /* UIImage+Basic.m in Sources */ = {isa = PBXBuildFile; fileRef = 180705511F580D51003DB75D /* UIImage+Basic.m */; };
		180705701F580D51003DB75D /* UIImageView+Basic.m in Sources */ = {isa = PBXBuildFile; fileRef = 180705541F580D51003DB75D /* UIImageView+Basic.m */; };
		180705711F580D51003DB75D /* UILabel+TwoSizes.m in Sources */ = {isa = PBXBuildFile; fileRef = 180705571F580D51003DB75D /* UILabel+TwoSizes.m */; };
		180705721F580D51003DB75D /* UITableView+Basic.m in Sources */ = {isa = PBXBuildFile; fileRef = 1807055A1F580D51003DB75D /* UITableView+Basic.m */; };
		180705731F580D51003DB75D /* UIView+Basic.m in Sources */ = {isa = PBXBuildFile; fileRef = 1807055D1F580D51003DB75D /* UIView+Basic.m */; };
		180705741F580D51003DB75D /* UIViewController+Basic.m in Sources */ = {isa = PBXBuildFile; fileRef = 180705601F580D51003DB75D /* UIViewController+Basic.m */; };
		180705751F580D51003DB75D /* UIViewController+Navi.m in Sources */ = {isa = PBXBuildFile; fileRef = 180705621F580D51003DB75D /* UIViewController+Navi.m */; };
		180705761F580D51003DB75D /* UIViewController+Switch.m in Sources */ = {isa = PBXBuildFile; fileRef = 180705641F580D51003DB75D /* UIViewController+Switch.m */; };
		180705771F580D51003DB75D /* BMPasswordInputView.m in Sources */ = {isa = PBXBuildFile; fileRef = 180705681F580D51003DB75D /* BMPasswordInputView.m */; };
		180705781F580D51003DB75D /* BMPasswordInputView.xib in Resources */ = {isa = PBXBuildFile; fileRef = 180705691F580D51003DB75D /* BMPasswordInputView.xib */; };
		180705791F580D51003DB75D /* TCKit.podspec in Resources */ = {isa = PBXBuildFile; fileRef = 1807056B1F580D51003DB75D /* TCKit.podspec */; };
		183DDF3F1F4D24DB0079CABE /* AppDelegate.swift in Sources */ = {isa = PBXBuildFile; fileRef = 183DDF391F4D24DB0079CABE /* AppDelegate.swift */; };
		183DDF401F4D24DB0079CABE /* Assets.xcassets in Resources */ = {isa = PBXBuildFile; fileRef = 183DDF3A1F4D24DB0079CABE /* Assets.xcassets */; };
		183DDF411F4D24DB0079CABE /* Info.plist in Resources */ = {isa = PBXBuildFile; fileRef = 183DDF3B1F4D24DB0079CABE /* Info.plist */; };
		183DDF421F4D24DB0079CABE /* LaunchScreen.storyboard in Resources */ = {isa = PBXBuildFile; fileRef = 183DDF3C1F4D24DB0079CABE /* LaunchScreen.storyboard */; };
		183DDF431F4D24DB0079CABE /* Main.storyboard in Resources */ = {isa = PBXBuildFile; fileRef = 183DDF3D1F4D24DB0079CABE /* Main.storyboard */; };
		183DDF441F4D24DB0079CABE /* ViewController.swift in Sources */ = {isa = PBXBuildFile; fileRef = 183DDF3E1F4D24DB0079CABE /* ViewController.swift */; };
		183DDF5A1F4D32370079CABE /* BaseVc.swift in Sources */ = {isa = PBXBuildFile; fileRef = 183DDF591F4D32370079CABE /* BaseVc.swift */; };
		183DDF5C1F4D32700079CABE /* TwoSizesVc.swift in Sources */ = {isa = PBXBuildFile; fileRef = 183DDF5B1F4D32700079CABE /* TwoSizesVc.swift */; };
		183DDF5E1F4D32960079CABE /* ViewControllers.storyboard in Resources */ = {isa = PBXBuildFile; fileRef = 183DDF5D1F4D32960079CABE /* ViewControllers.storyboard */; };
		183DDFA31F4DDA230079CABE /* PasswordInputVc.swift in Sources */ = {isa = PBXBuildFile; fileRef = 183DDFA21F4DDA230079CABE /* PasswordInputVc.swift */; };
/* End PBXBuildFile section */

/* Begin PBXFileReference section */
		180705461F580D51003DB75D /* NSString+Basic.h */ = {isa = PBXFileReference; fileEncoding = 4; lastKnownFileType = sourcecode.c.h; path = "NSString+Basic.h"; sourceTree = "<group>"; };
		180705471F580D51003DB75D /* NSString+Basic.m */ = {isa = PBXFileReference; fileEncoding = 4; lastKnownFileType = sourcecode.c.objc; path = "NSString+Basic.m"; sourceTree = "<group>"; };
		1807054A1F580D51003DB75D /* UICollectionView+Basic.h */ = {isa = PBXFileReference; fileEncoding = 4; lastKnownFileType = sourcecode.c.h; path = "UICollectionView+Basic.h"; sourceTree = "<group>"; };
		1807054B1F580D51003DB75D /* UICollectionView+Basic.m */ = {isa = PBXFileReference; fileEncoding = 4; lastKnownFileType = sourcecode.c.objc; path = "UICollectionView+Basic.m"; sourceTree = "<group>"; };
		1807054D1F580D51003DB75D /* UIColor+Basic.h */ = {isa = PBXFileReference; fileEncoding = 4; lastKnownFileType = sourcecode.c.h; path = "UIColor+Basic.h"; sourceTree = "<group>"; };
		1807054E1F580D51003DB75D /* UIColor+Basic.m */ = {isa = PBXFileReference; fileEncoding = 4; lastKnownFileType = sourcecode.c.objc; path = "UIColor+Basic.m"; sourceTree = "<group>"; };
		180705501F580D51003DB75D /* UIImage+Basic.h */ = {isa = PBXFileReference; fileEncoding = 4; lastKnownFileType = sourcecode.c.h; path = "UIImage+Basic.h"; sourceTree = "<group>"; };
		180705511F580D51003DB75D /* UIImage+Basic.m */ = {isa = PBXFileReference; fileEncoding = 4; lastKnownFileType = sourcecode.c.objc; path = "UIImage+Basic.m"; sourceTree = "<group>"; };
		180705531F580D51003DB75D /* UIImageView+Basic.h */ = {isa = PBXFileReference; fileEncoding = 4; lastKnownFileType = sourcecode.c.h; path = "UIImageView+Basic.h"; sourceTree = "<group>"; };
		180705541F580D51003DB75D /* UIImageView+Basic.m */ = {isa = PBXFileReference; fileEncoding = 4; lastKnownFileType = sourcecode.c.objc; path = "UIImageView+Basic.m"; sourceTree = "<group>"; };
		180705561F580D51003DB75D /* UILabel+TwoSizes.h */ = {isa = PBXFileReference; fileEncoding = 4; lastKnownFileType = sourcecode.c.h; path = "UILabel+TwoSizes.h"; sourceTree = "<group>"; };
		180705571F580D51003DB75D /* UILabel+TwoSizes.m */ = {isa = PBXFileReference; fileEncoding = 4; lastKnownFileType = sourcecode.c.objc; path = "UILabel+TwoSizes.m"; sourceTree = "<group>"; };
		180705591F580D51003DB75D /* UITableView+Basic.h */ = {isa = PBXFileReference; fileEncoding = 4; lastKnownFileType = sourcecode.c.h; path = "UITableView+Basic.h"; sourceTree = "<group>"; };
		1807055A1F580D51003DB75D /* UITableView+Basic.m */ = {isa = PBXFileReference; fileEncoding = 4; lastKnownFileType = sourcecode.c.objc; path = "UITableView+Basic.m"; sourceTree = "<group>"; };
		1807055C1F580D51003DB75D /* UIView+Basic.h */ = {isa = PBXFileReference; fileEncoding = 4; lastKnownFileType = sourcecode.c.h; path = "UIView+Basic.h"; sourceTree = "<group>"; };
		1807055D1F580D51003DB75D /* UIView+Basic.m */ = {isa = PBXFileReference; fileEncoding = 4; lastKnownFileType = sourcecode.c.objc; path = "UIView+Basic.m"; sourceTree = "<group>"; };
		1807055F1F580D51003DB75D /* UIViewController+Basic.h */ = {isa = PBXFileReference; fileEncoding = 4; lastKnownFileType = sourcecode.c.h; path = "UIViewController+Basic.h"; sourceTree = "<group>"; };
		180705601F580D51003DB75D /* UIViewController+Basic.m */ = {isa = PBXFileReference; fileEncoding = 4; lastKnownFileType = sourcecode.c.objc; path = "UIViewController+Basic.m"; sourceTree = "<group>"; };
		180705611F580D51003DB75D /* UIViewController+Navi.h */ = {isa = PBXFileReference; fileEncoding = 4; lastKnownFileType = sourcecode.c.h; path = "UIViewController+Navi.h"; sourceTree = "<group>"; };
		180705621F580D51003DB75D /* UIViewController+Navi.m */ = {isa = PBXFileReference; fileEncoding = 4; lastKnownFileType = sourcecode.c.objc; path = "UIViewController+Navi.m"; sourceTree = "<group>"; };
		180705631F580D51003DB75D /* UIViewController+Switch.h */ = {isa = PBXFileReference; fileEncoding = 4; lastKnownFileType = sourcecode.c.h; path = "UIViewController+Switch.h"; sourceTree = "<group>"; };
		180705641F580D51003DB75D /* UIViewController+Switch.m */ = {isa = PBXFileReference; fileEncoding = 4; lastKnownFileType = sourcecode.c.objc; path = "UIViewController+Switch.m"; sourceTree = "<group>"; };
		180705671F580D51003DB75D /* BMPasswordInputView.h */ = {isa = PBXFileReference; fileEncoding = 4; lastKnownFileType = sourcecode.c.h; path = BMPasswordInputView.h; sourceTree = "<group>"; };
		180705681F580D51003DB75D /* BMPasswordInputView.m */ = {isa = PBXFileReference; fileEncoding = 4; lastKnownFileType = sourcecode.c.objc; path = BMPasswordInputView.m; sourceTree = "<group>"; };
		180705691F580D51003DB75D /* BMPasswordInputView.xib */ = {isa = PBXFileReference; fileEncoding = 4; lastKnownFileType = file.xib; path = BMPasswordInputView.xib; sourceTree = "<group>"; };
		1807056A1F580D51003DB75D /* TCKit.h */ = {isa = PBXFileReference; fileEncoding = 4; lastKnownFileType = sourcecode.c.h; path = TCKit.h; sourceTree = "<group>"; };
		1807056B1F580D51003DB75D /* TCKit.podspec */ = {isa = PBXFileReference; fileEncoding = 4; lastKnownFileType = text; path = TCKit.podspec; sourceTree = "<group>"; };
		183DDF231F4D22F90079CABE /* TCKit_Demo.app */ = {isa = PBXFileReference; explicitFileType = wrapper.application; includeInIndex = 0; path = TCKit_Demo.app; sourceTree = BUILT_PRODUCTS_DIR; };
		183DDF391F4D24DB0079CABE /* AppDelegate.swift */ = {isa = PBXFileReference; fileEncoding = 4; lastKnownFileType = sourcecode.swift; path = AppDelegate.swift; sourceTree = "<group>"; };
		183DDF3A1F4D24DB0079CABE /* Assets.xcassets */ = {isa = PBXFileReference; lastKnownFileType = folder.assetcatalog; path = Assets.xcassets; sourceTree = "<group>"; };
		183DDF3B1F4D24DB0079CABE /* Info.plist */ = {isa = PBXFileReference; fileEncoding = 4; lastKnownFileType = text.plist.xml; path = Info.plist; sourceTree = "<group>"; };
		183DDF3C1F4D24DB0079CABE /* LaunchScreen.storyboard */ = {isa = PBXFileReference; fileEncoding = 4; lastKnownFileType = file.storyboard; path = LaunchScreen.storyboard; sourceTree = "<group>"; };
		183DDF3D1F4D24DB0079CABE /* Main.storyboard */ = {isa = PBXFileReference; fileEncoding = 4; lastKnownFileType = file.storyboard; path = Main.storyboard; sourceTree = "<group>"; };
		183DDF3E1F4D24DB0079CABE /* ViewController.swift */ = {isa = PBXFileReference; fileEncoding = 4; lastKnownFileType = sourcecode.swift; path = ViewController.swift; sourceTree = "<group>"; };
		183DDF491F4D27DE0079CABE /* TCKit_Demo-Bridging-Header.h */ = {isa = PBXFileReference; lastKnownFileType = sourcecode.c.h; path = "TCKit_Demo-Bridging-Header.h"; sourceTree = "<group>"; };
		183DDF591F4D32370079CABE /* BaseVc.swift */ = {isa = PBXFileReference; fileEncoding = 4; lastKnownFileType = sourcecode.swift; path = BaseVc.swift; sourceTree = "<group>"; };
		183DDF5B1F4D32700079CABE /* TwoSizesVc.swift */ = {isa = PBXFileReference; fileEncoding = 4; lastKnownFileType = sourcecode.swift; path = TwoSizesVc.swift; sourceTree = "<group>"; };
		183DDF5D1F4D32960079CABE /* ViewControllers.storyboard */ = {isa = PBXFileReference; fileEncoding = 4; lastKnownFileType = file.storyboard; path = ViewControllers.storyboard; sourceTree = "<group>"; };
		183DDFA21F4DDA230079CABE /* PasswordInputVc.swift */ = {isa = PBXFileReference; fileEncoding = 4; lastKnownFileType = sourcecode.swift; path = PasswordInputVc.swift; sourceTree = "<group>"; };
/* End PBXFileReference section */

/* Begin PBXFrameworksBuildPhase section */
		183DDF201F4D22F90079CABE /* Frameworks */ = {
			isa = PBXFrameworksBuildPhase;
			buildActionMask = 2147483647;
			files = (
			);
			runOnlyForDeploymentPostprocessing = 0;
		};
/* End PBXFrameworksBuildPhase section */

/* Begin PBXGroup section */
		180705411F580D51003DB75D /* TCKit */ = {
			isa = PBXGroup;
			children = (
				180705421F580D51003DB75D /* TCCategories */,
				180705651F580D51003DB75D /* TCCustom */,
				1807056A1F580D51003DB75D /* TCKit.h */,
				1807056B1F580D51003DB75D /* TCKit.podspec */,
			);
			name = TCKit;
			path = ../TCKit;
			sourceTree = "<group>";
		};
		180705421F580D51003DB75D /* TCCategories */ = {
			isa = PBXGroup;
			children = (
				180705431F580D51003DB75D /* Foundation */,
				180705481F580D51003DB75D /* UIKit */,
			);
			path = TCCategories;
			sourceTree = "<group>";
		};
		180705431F580D51003DB75D /* Foundation */ = {
			isa = PBXGroup;
			children = (
				180705441F580D51003DB75D /* NSAttributedString */,
				180705451F580D51003DB75D /* NSString */,
			);
			path = Foundation;
			sourceTree = "<group>";
		};
		180705441F580D51003DB75D /* NSAttributedString */ = {
			isa = PBXGroup;
			children = (
			);
			path = NSAttributedString;
			sourceTree = "<group>";
		};
		180705451F580D51003DB75D /* NSString */ = {
			isa = PBXGroup;
			children = (
				180705461F580D51003DB75D /* NSString+Basic.h */,
				180705471F580D51003DB75D /* NSString+Basic.m */,
			);
			path = NSString;
			sourceTree = "<group>";
		};
		180705481F580D51003DB75D /* UIKit */ = {
			isa = PBXGroup;
			children = (
				180705491F580D51003DB75D /* UICollectionView */,
				1807054C1F580D51003DB75D /* UIColor */,
				1807054F1F580D51003DB75D /* UIImage */,
				180705521F580D51003DB75D /* UIImageView */,
				180705551F580D51003DB75D /* UILabel */,
				180705581F580D51003DB75D /* UITableView */,
				1807055B1F580D51003DB75D /* UIView */,
				1807055E1F580D51003DB75D /* UIViewConroller */,
			);
			path = UIKit;
			sourceTree = "<group>";
		};
		180705491F580D51003DB75D /* UICollectionView */ = {
			isa = PBXGroup;
			children = (
				1807054A1F580D51003DB75D /* UICollectionView+Basic.h */,
				1807054B1F580D51003DB75D /* UICollectionView+Basic.m */,
			);
			path = UICollectionView;
			sourceTree = "<group>";
		};
		1807054C1F580D51003DB75D /* UIColor */ = {
			isa = PBXGroup;
			children = (
				1807054D1F580D51003DB75D /* UIColor+Basic.h */,
				1807054E1F580D51003DB75D /* UIColor+Basic.m */,
			);
			path = UIColor;
			sourceTree = "<group>";
		};
		1807054F1F580D51003DB75D /* UIImage */ = {
			isa = PBXGroup;
			children = (
				180705501F580D51003DB75D /* UIImage+Basic.h */,
				180705511F580D51003DB75D /* UIImage+Basic.m */,
			);
			path = UIImage;
			sourceTree = "<group>";
		};
		180705521F580D51003DB75D /* UIImageView */ = {
			isa = PBXGroup;
			children = (
				180705531F580D51003DB75D /* UIImageView+Basic.h */,
				180705541F580D51003DB75D /* UIImageView+Basic.m */,
			);
			path = UIImageView;
			sourceTree = "<group>";
		};
		180705551F580D51003DB75D /* UILabel */ = {
			isa = PBXGroup;
			children = (
				180705561F580D51003DB75D /* UILabel+TwoSizes.h */,
				180705571F580D51003DB75D /* UILabel+TwoSizes.m */,
			);
			path = UILabel;
			sourceTree = "<group>";
		};
		180705581F580D51003DB75D /* UITableView */ = {
			isa = PBXGroup;
			children = (
				180705591F580D51003DB75D /* UITableView+Basic.h */,
				1807055A1F580D51003DB75D /* UITableView+Basic.m */,
			);
			path = UITableView;
			sourceTree = "<group>";
		};
		1807055B1F580D51003DB75D /* UIView */ = {
			isa = PBXGroup;
			children = (
				1807055C1F580D51003DB75D /* UIView+Basic.h */,
				1807055D1F580D51003DB75D /* UIView+Basic.m */,
			);
			path = UIView;
			sourceTree = "<group>";
		};
		1807055E1F580D51003DB75D /* UIViewConroller */ = {
			isa = PBXGroup;
			children = (
				1807055F1F580D51003DB75D /* UIViewController+Basic.h */,
				180705601F580D51003DB75D /* UIViewController+Basic.m */,
				180705611F580D51003DB75D /* UIViewController+Navi.h */,
				180705621F580D51003DB75D /* UIViewController+Navi.m */,
				180705631F580D51003DB75D /* UIViewController+Switch.h */,
				180705641F580D51003DB75D /* UIViewController+Switch.m */,
			);
			path = UIViewConroller;
			sourceTree = "<group>";
		};
		180705651F580D51003DB75D /* TCCustom */ = {
			isa = PBXGroup;
			children = (
				180705661F580D51003DB75D /* BMPasswordInputView */,
			);
			path = TCCustom;
			sourceTree = "<group>";
		};
		180705661F580D51003DB75D /* BMPasswordInputView */ = {
			isa = PBXGroup;
			children = (
				180705671F580D51003DB75D /* BMPasswordInputView.h */,
				180705681F580D51003DB75D /* BMPasswordInputView.m */,
				180705691F580D51003DB75D /* BMPasswordInputView.xib */,
			);
			path = BMPasswordInputView;
			sourceTree = "<group>";
		};
		183DDF1A1F4D22F90079CABE = {
			isa = PBXGroup;
			children = (
				180705411F580D51003DB75D /* TCKit */,
				183DDF251F4D22F90079CABE /* TCKit_Demo */,
				183DDF241F4D22F90079CABE /* Products */,
			);
			sourceTree = "<group>";
		};
		183DDF241F4D22F90079CABE /* Products */ = {
			isa = PBXGroup;
			children = (
				183DDF231F4D22F90079CABE /* TCKit_Demo.app */,
			);
			name = Products;
			sourceTree = "<group>";
		};
		183DDF251F4D22F90079CABE /* TCKit_Demo */ = {
			isa = PBXGroup;
			children = (
				183DDF381F4D24DB0079CABE /* Main */,
				183DDF451F4D251C0079CABE /* ViewControllers */,
			);
			path = TCKit_Demo;
			sourceTree = "<group>";
		};
		183DDF381F4D24DB0079CABE /* Main */ = {
			isa = PBXGroup;
			children = (
				183DDF391F4D24DB0079CABE /* AppDelegate.swift */,
				183DDF3A1F4D24DB0079CABE /* Assets.xcassets */,
				183DDF3B1F4D24DB0079CABE /* Info.plist */,
				183DDF3C1F4D24DB0079CABE /* LaunchScreen.storyboard */,
				183DDF3D1F4D24DB0079CABE /* Main.storyboard */,
				183DDF3E1F4D24DB0079CABE /* ViewController.swift */,
				183DDF591F4D32370079CABE /* BaseVc.swift */,
				183DDF491F4D27DE0079CABE /* TCKit_Demo-Bridging-Header.h */,
			);
			path = Main;
			sourceTree = "<group>";
		};
		183DDF451F4D251C0079CABE /* ViewControllers */ = {
			isa = PBXGroup;
			children = (
				183DDF5D1F4D32960079CABE /* ViewControllers.storyboard */,
				183DDF5B1F4D32700079CABE /* TwoSizesVc.swift */,
				183DDFA21F4DDA230079CABE /* PasswordInputVc.swift */,
			);
			path = ViewControllers;
			sourceTree = "<group>";
		};
/* End PBXGroup section */

/* Begin PBXNativeTarget section */
		183DDF221F4D22F90079CABE /* TCKit_Demo */ = {
			isa = PBXNativeTarget;
			buildConfigurationList = 183DDF351F4D22F90079CABE /* Build configuration list for PBXNativeTarget "TCKit_Demo" */;
			buildPhases = (
				183DDF1F1F4D22F90079CABE /* Sources */,
				183DDF201F4D22F90079CABE /* Frameworks */,
				183DDF211F4D22F90079CABE /* Resources */,
			);
			buildRules = (
			);
			dependencies = (
			);
			name = TCKit_Demo;
			productName = TCKit_Demo;
			productReference = 183DDF231F4D22F90079CABE /* TCKit_Demo.app */;
			productType = "com.apple.product-type.application";
		};
/* End PBXNativeTarget section */

/* Begin PBXProject section */
		183DDF1B1F4D22F90079CABE /* Project object */ = {
			isa = PBXProject;
			attributes = {
				LastSwiftUpdateCheck = 0830;
				LastUpgradeCheck = 0830;
				ORGANIZATIONNAME = ctc;
				TargetAttributes = {
					183DDF221F4D22F90079CABE = {
						CreatedOnToolsVersion = 8.3.3;
						DevelopmentTeam = CSB4G2D8VB;
						LastSwiftMigration = 0830;
						ProvisioningStyle = Manual;
					};
				};
			};
			buildConfigurationList = 183DDF1E1F4D22F90079CABE /* Build configuration list for PBXProject "TCKit_Demo" */;
			compatibilityVersion = "Xcode 3.2";
			developmentRegion = English;
			hasScannedForEncodings = 0;
			knownRegions = (
				en,
				Base,
			);
			mainGroup = 183DDF1A1F4D22F90079CABE;
			productRefGroup = 183DDF241F4D22F90079CABE /* Products */;
			projectDirPath = "";
			projectRoot = "";
			targets = (
				183DDF221F4D22F90079CABE /* TCKit_Demo */,
			);
		};
/* End PBXProject section */

/* Begin PBXResourcesBuildPhase section */
		183DDF211F4D22F90079CABE /* Resources */ = {
			isa = PBXResourcesBuildPhase;
			buildActionMask = 2147483647;
			files = (
				183DDF5E1F4D32960079CABE /* ViewControllers.storyboard in Resources */,
				183DDF421F4D24DB0079CABE /* LaunchScreen.storyboard in Resources */,
				183DDF411F4D24DB0079CABE /* Info.plist in Resources */,
				180705781F580D51003DB75D /* BMPasswordInputView.xib in Resources */,
				183DDF401F4D24DB0079CABE /* Assets.xcassets in Resources */,
				180705791F580D51003DB75D /* TCKit.podspec in Resources */,
				183DDF431F4D24DB0079CABE /* Main.storyboard in Resources */,
			);
			runOnlyForDeploymentPostprocessing = 0;
		};
/* End PBXResourcesBuildPhase section */

/* Begin PBXSourcesBuildPhase section */
		183DDF1F1F4D22F90079CABE /* Sources */ = {
			isa = PBXSourcesBuildPhase;
			buildActionMask = 2147483647;
			files = (
				183DDFA31F4DDA230079CABE /* PasswordInputVc.swift in Sources */,
				183DDF441F4D24DB0079CABE /* ViewController.swift in Sources */,
				1807056C1F580D51003DB75D /* NSString+Basic.m in Sources */,
				180705701F580D51003DB75D /* UIImageView+Basic.m in Sources */,
				180705721F580D51003DB75D /* UITableView+Basic.m in Sources */,
				183DDF5C1F4D32700079CABE /* TwoSizesVc.swift in Sources */,
				180705771F580D51003DB75D /* BMPasswordInputView.m in Sources */,
				180705751F580D51003DB75D /* UIViewController+Navi.m in Sources */,
				1807056F1F580D51003DB75D /* UIImage+Basic.m in Sources */,
				180705741F580D51003DB75D /* UIViewController+Basic.m in Sources */,
				1807056E1F580D51003DB75D /* UIColor+Basic.m in Sources */,
				1807056D1F580D51003DB75D /* UICollectionView+Basic.m in Sources */,
				180705731F580D51003DB75D /* UIView+Basic.m in Sources */,
				183DDF3F1F4D24DB0079CABE /* AppDelegate.swift in Sources */,
				180705711F580D51003DB75D /* UILabel+TwoSizes.m in Sources */,
				180705761F580D51003DB75D /* UIViewController+Switch.m in Sources */,
				183DDF5A1F4D32370079CABE /* BaseVc.swift in Sources */,
			);
			runOnlyForDeploymentPostprocessing = 0;
		};
/* End PBXSourcesBuildPhase section */

/* Begin XCBuildConfiguration section */
		183DDF331F4D22F90079CABE /* Debug */ = {
			isa = XCBuildConfiguration;
			buildSettings = {
				ALWAYS_SEARCH_USER_PATHS = NO;
				CLANG_ANALYZER_NONNULL = YES;
				CLANG_ANALYZER_NUMBER_OBJECT_CONVERSION = YES_AGGRESSIVE;
				CLANG_CXX_LANGUAGE_STANDARD = "gnu++0x";
				CLANG_CXX_LIBRARY = "libc++";
				CLANG_ENABLE_MODULES = YES;
				CLANG_ENABLE_OBJC_ARC = YES;
				CLANG_WARN_BOOL_CONVERSION = YES;
				CLANG_WARN_CONSTANT_CONVERSION = YES;
				CLANG_WARN_DIRECT_OBJC_ISA_USAGE = YES_ERROR;
				CLANG_WARN_DOCUMENTATION_COMMENTS = YES;
				CLANG_WARN_EMPTY_BODY = YES;
				CLANG_WARN_ENUM_CONVERSION = YES;
				CLANG_WARN_INFINITE_RECURSION = YES;
				CLANG_WARN_INT_CONVERSION = YES;
				CLANG_WARN_OBJC_ROOT_CLASS = YES_ERROR;
				CLANG_WARN_SUSPICIOUS_MOVE = YES;
				CLANG_WARN_UNREACHABLE_CODE = YES;
				CLANG_WARN__DUPLICATE_METHOD_MATCH = YES;
				"CODE_SIGN_IDENTITY[sdk=iphoneos*]" = "iPhone Developer";
				COPY_PHASE_STRIP = NO;
				DEBUG_INFORMATION_FORMAT = dwarf;
				ENABLE_STRICT_OBJC_MSGSEND = YES;
				ENABLE_TESTABILITY = YES;
				GCC_C_LANGUAGE_STANDARD = gnu99;
				GCC_DYNAMIC_NO_PIC = NO;
				GCC_NO_COMMON_BLOCKS = YES;
				GCC_OPTIMIZATION_LEVEL = 0;
				GCC_PREPROCESSOR_DEFINITIONS = (
					"DEBUG=1",
					"$(inherited)",
				);
				GCC_WARN_64_TO_32_BIT_CONVERSION = YES;
				GCC_WARN_ABOUT_RETURN_TYPE = YES_ERROR;
				GCC_WARN_UNDECLARED_SELECTOR = YES;
				GCC_WARN_UNINITIALIZED_AUTOS = YES_AGGRESSIVE;
				GCC_WARN_UNUSED_FUNCTION = YES;
				GCC_WARN_UNUSED_VARIABLE = YES;
				IPHONEOS_DEPLOYMENT_TARGET = 10.3;
				MTL_ENABLE_DEBUG_INFO = YES;
				ONLY_ACTIVE_ARCH = YES;
				SDKROOT = iphoneos;
				SWIFT_ACTIVE_COMPILATION_CONDITIONS = DEBUG;
				SWIFT_OPTIMIZATION_LEVEL = "-Onone";
			};
			name = Debug;
		};
		183DDF341F4D22F90079CABE /* Release */ = {
			isa = XCBuildConfiguration;
			buildSettings = {
				ALWAYS_SEARCH_USER_PATHS = NO;
				CLANG_ANALYZER_NONNULL = YES;
				CLANG_ANALYZER_NUMBER_OBJECT_CONVERSION = YES_AGGRESSIVE;
				CLANG_CXX_LANGUAGE_STANDARD = "gnu++0x";
				CLANG_CXX_LIBRARY = "libc++";
				CLANG_ENABLE_MODULES = YES;
				CLANG_ENABLE_OBJC_ARC = YES;
				CLANG_WARN_BOOL_CONVERSION = YES;
				CLANG_WARN_CONSTANT_CONVERSION = YES;
				CLANG_WARN_DIRECT_OBJC_ISA_USAGE = YES_ERROR;
				CLANG_WARN_DOCUMENTATION_COMMENTS = YES;
				CLANG_WARN_EMPTY_BODY = YES;
				CLANG_WARN_ENUM_CONVERSION = YES;
				CLANG_WARN_INFINITE_RECURSION = YES;
				CLANG_WARN_INT_CONVERSION = YES;
				CLANG_WARN_OBJC_ROOT_CLASS = YES_ERROR;
				CLANG_WARN_SUSPICIOUS_MOVE = YES;
				CLANG_WARN_UNREACHABLE_CODE = YES;
				CLANG_WARN__DUPLICATE_METHOD_MATCH = YES;
				"CODE_SIGN_IDENTITY[sdk=iphoneos*]" = "iPhone Developer";
				COPY_PHASE_STRIP = NO;
				DEBUG_INFORMATION_FORMAT = "dwarf-with-dsym";
				ENABLE_NS_ASSERTIONS = NO;
				ENABLE_STRICT_OBJC_MSGSEND = YES;
				GCC_C_LANGUAGE_STANDARD = gnu99;
				GCC_NO_COMMON_BLOCKS = YES;
				GCC_WARN_64_TO_32_BIT_CONVERSION = YES;
				GCC_WARN_ABOUT_RETURN_TYPE = YES_ERROR;
				GCC_WARN_UNDECLARED_SELECTOR = YES;
				GCC_WARN_UNINITIALIZED_AUTOS = YES_AGGRESSIVE;
				GCC_WARN_UNUSED_FUNCTION = YES;
				GCC_WARN_UNUSED_VARIABLE = YES;
				IPHONEOS_DEPLOYMENT_TARGET = 10.3;
				MTL_ENABLE_DEBUG_INFO = NO;
				SDKROOT = iphoneos;
				SWIFT_OPTIMIZATION_LEVEL = "-Owholemodule";
				VALIDATE_PRODUCT = YES;
			};
			name = Release;
		};
		183DDF361F4D22F90079CABE /* Debug */ = {
			isa = XCBuildConfiguration;
			buildSettings = {
				ASSETCATALOG_COMPILER_APPICON_NAME = AppIcon;
				CLANG_ENABLE_MODULES = YES;
				DEVELOPMENT_TEAM = CSB4G2D8VB;
				INFOPLIST_FILE = "$(SRCROOT)/TCKit_Demo/Main/Info.plist";
				IPHONEOS_DEPLOYMENT_TARGET = 8.0;
				LD_RUNPATH_SEARCH_PATHS = "$(inherited) @executable_path/Frameworks";
				PRODUCT_BUNDLE_IDENTIFIER = "com.ctc.TCKit-Demo";
				PRODUCT_NAME = "$(TARGET_NAME)";
				PROVISIONING_PROFILE = "9e4368b8-311c-4c51-9759-77340b5b899a";
				PROVISIONING_PROFILE_SPECIFIER = ForAll;
				SWIFT_OBJC_BRIDGING_HEADER = "TCKit_Demo/Main/TCKit_Demo-Bridging-Header.h";
				SWIFT_OPTIMIZATION_LEVEL = "-Onone";
				SWIFT_VERSION = 3.0;
				TARGETED_DEVICE_FAMILY = "1,2";
			};
			name = Debug;
		};
		183DDF371F4D22F90079CABE /* Release */ = {
			isa = XCBuildConfiguration;
			buildSettings = {
				ASSETCATALOG_COMPILER_APPICON_NAME = AppIcon;
				CLANG_ENABLE_MODULES = YES;
				DEVELOPMENT_TEAM = "";
				INFOPLIST_FILE = "$(SRCROOT)/TCKit_Demo/Main/Info.plist";
				IPHONEOS_DEPLOYMENT_TARGET = 8.0;
				LD_RUNPATH_SEARCH_PATHS = "$(inherited) @executable_path/Frameworks";
				PRODUCT_BUNDLE_IDENTIFIER = "com.ctc.TCKit-Demo";
				PRODUCT_NAME = "$(TARGET_NAME)";
				PROVISIONING_PROFILE_SPECIFIER = "";
				SWIFT_OBJC_BRIDGING_HEADER = "TCKit_Demo/Main/TCKit_Demo-Bridging-Header.h";
				SWIFT_VERSION = 3.0;
				TARGETED_DEVICE_FAMILY = "1,2";
			};
			name = Release;
		};
/* End XCBuildConfiguration section */

/* Begin XCConfigurationList section */
		183DDF1E1F4D22F90079CABE /* Build configuration list for PBXProject "TCKit_Demo" */ = {
			isa = XCConfigurationList;
			buildConfigurations = (
				183DDF331F4D22F90079CABE /* Debug */,
				183DDF341F4D22F90079CABE /* Release */,
			);
			defaultConfigurationIsVisible = 0;
			defaultConfigurationName = Release;
		};
		183DDF351F4D22F90079CABE /* Build configuration list for PBXNativeTarget "TCKit_Demo" */ = {
			isa = XCConfigurationList;
			buildConfigurations = (
				183DDF361F4D22F90079CABE /* Debug */,
				183DDF371F4D22F90079CABE /* Release */,
			);
			defaultConfigurationIsVisible = 0;
			defaultConfigurationName = Release;
		};
/* End XCConfigurationList section */
	};
	rootObject = 183DDF1B1F4D22F90079CABE /* Project object */;
}
